
Microsoft Visual Studio Solution File, Format Version 12.00
# Visual Studio Version 16
VisualStudioVersion = 16.0.30503.244
MinimumVisualStudioVersion = 10.0.40219.1
Project("{FAE04EC0-301F-11D3-BF4B-00C04F79EFBC}") = "gymfit.Android", "gymfit\gymfit.Android\gymfit.Android.csproj", "{CE4B2684-90AE-493F-804B-B7B4BF680CDA}"
EndProject
Project("{FAE04EC0-301F-11D3-BF4B-00C04F79EFBC}") = "gymfit.iOS", "gymfit\gymfit.iOS\gymfit.iOS.csproj", "{259F21F2-9D9C-497C-B07E-786620686691}"
EndProject
Project("{FAE04EC0-301F-11D3-BF4B-00C04F79EFBC}") = "gymfit", "gymfit\gymfit\gymfit.csproj", "{95D58CB8-66BE-455D-BB93-229119D7F74C}"
EndProject
Global
	GlobalSection(SolutionConfigurationPlatforms) = preSolution
		Debug|Any CPU = Debug|Any CPU
		Debug|iPhone = Debug|iPhone
		Debug|iPhoneSimulator = Debug|iPhoneSimulator
		Release|Any CPU = Release|Any CPU
		Release|iPhone = Release|iPhone
		Release|iPhoneSimulator = Release|iPhoneSimulator
	EndGlobalSection
	GlobalSection(ProjectConfigurationPlatforms) = postSolution
		{CE4B2684-90AE-493F-804B-B7B4BF680CDA}.Debug|Any CPU.ActiveCfg = Debug|Any CPU
		{CE4B2684-90AE-493F-804B-B7B4BF680CDA}.Debug|Any CPU.Build.0 = Debug|Any CPU
		{CE4B2684-90AE-493F-804B-B7B4BF680CDA}.Debug|Any CPU.Deploy.0 = Debug|Any CPU
		{CE4B2684-90AE-493F-804B-B7B4BF680CDA}.Debug|iPhone.ActiveCfg = Debug|Any CPU
		{CE4B2684-90AE-493F-804B-B7B4BF680CDA}.Debug|iPhone.Build.0 = Debug|Any CPU
		{CE4B2684-90AE-493F-804B-B7B4BF680CDA}.Debug|iPhone.Deploy.0 = Debug|Any CPU
		{CE4B2684-90AE-493F-804B-B7B4BF680CDA}.Debug|iPhoneSimulator.ActiveCfg = Debug|Any CPU
		{CE4B2684-90AE-493F-804B-B7B4BF680CDA}.Debug|iPhoneSimulator.Build.0 = Debug|Any CPU
		{CE4B2684-90AE-493F-804B-B7B4BF680CDA}.Debug|iPhoneSimulator.Deploy.0 = Debug|Any CPU
		{CE4B2684-90AE-493F-804B-B7B4BF680CDA}.Release|Any CPU.ActiveCfg = Release|Any CPU
		{CE4B2684-90AE-493F-804B-B7B4BF680CDA}.Release|Any CPU.Build.0 = Release|Any CPU
		{CE4B2684-90AE-493F-804B-B7B4BF680CDA}.Release|Any CPU.Deploy.0 = Release|Any CPU
		{CE4B2684-90AE-493F-804B-B7B4BF680CDA}.Release|iPhone.ActiveCfg = Release|Any CPU
		{CE4B2684-90AE-493F-804B-B7B4BF680CDA}.Release|iPhone.Build.0 = Release|Any CPU
		{CE4B2684-90AE-493F-804B-B7B4BF680CDA}.Release|iPhone.Deploy.0 = Release|Any CPU
		{CE4B2684-90AE-493F-804B-B7B4BF680CDA}.Release|iPhoneSimulator.ActiveCfg = Release|Any CPU
		{CE4B2684-90AE-493F-804B-B7B4BF680CDA}.Release|iPhoneSimulator.Build.0 = Release|Any CPU
		{CE4B2684-90AE-493F-804B-B7B4BF680CDA}.Release|iPhoneSimulator.Deploy.0 = Release|Any CPU
		{259F21F2-9D9C-497C-B07E-786620686691}.Debug|Any CPU.ActiveCfg = Debug|iPhone
		{259F21F2-9D9C-497C-B07E-786620686691}.Debug|Any CPU.Build.0 = Debug|iPhone
		{259F21F2-9D9C-497C-B07E-786620686691}.Debug|Any CPU.Deploy.0 = Debug|iPhone
		{259F21F2-9D9C-497C-B07E-786620686691}.Debug|iPhone.ActiveCfg = Debug|iPhone
		{259F21F2-9D9C-497C-B07E-786620686691}.Debug|iPhone.Build.0 = Debug|iPhone
		{259F21F2-9D9C-497C-B07E-786620686691}.Debug|iPhone.Deploy.0 = Debug|iPhone
		{259F21F2-9D9C-497C-B07E-786620686691}.Debug|iPhoneSimulator.ActiveCfg = Debug|iPhoneSimulator
		{259F21F2-9D9C-497C-B07E-786620686691}.Debug|iPhoneSimulator.Build.0 = Debug|iPhoneSimulator
		{259F21F2-9D9C-497C-B07E-786620686691}.Debug|iPhoneSimulator.Deploy.0 = Debug|iPhoneSimulator
		{259F21F2-9D9C-497C-B07E-786620686691}.Release|Any CPU.ActiveCfg = Release|iPhoneSimulator
		{259F21F2-9D9C-497C-B07E-786620686691}.Release|Any CPU.Build.0 = Release|iPhoneSimulator
		{259F21F2-9D9C-497C-B07E-786620686691}.Release|Any CPU.Deploy.0 = Release|iPhoneSimulator
		{259F21F2-9D9C-497C-B07E-786620686691}.Release|iPhone.ActiveCfg = Release|iPhone
		{259F21F2-9D9C-497C-B07E-786620686691}.Release|iPhone.Build.0 = Release|iPhone
		{259F21F2-9D9C-497C-B07E-786620686691}.Release|iPhone.Deploy.0 = Release|iPhone
		{259F21F2-9D9C-497C-B07E-786620686691}.Release|iPhoneSimulator.ActiveCfg = Release|iPhoneSimulator
		{259F21F2-9D9C-497C-B07E-786620686691}.Release|iPhoneSimulator.Build.0 = Release|iPhoneSimulator
		{259F21F2-9D9C-497C-B07E-786620686691}.Release|iPhoneSimulator.Deploy.0 = Release|iPhoneSimulator
		{95D58CB8-66BE-455D-BB93-229119D7F74C}.Debug|Any CPU.ActiveCfg = Debug|Any CPU
		{95D58CB8-66BE-455D-BB93-229119D7F74C}.Debug|Any CPU.Build.0 = Debug|Any CPU
		{95D58CB8-66BE-455D-BB93-229119D7F74C}.Debug|Any CPU.Deploy.0 = Debug|Any CPU
		{95D58CB8-66BE-455D-BB93-229119D7F74C}.Debug|iPhone.ActiveCfg = Debug|Any CPU
		{95D58CB8-66BE-455D-BB93-229119D7F74C}.Debug|iPhone.Build.0 = Debug|Any CPU
		{95D58CB8-66BE-455D-BB93-229119D7F74C}.Debug|iPhone.Deploy.0 = Debug|Any CPU
		{95D58CB8-66BE-455D-BB93-229119D7F74C}.Debug|iPhoneSimulator.ActiveCfg = Debug|Any CPU
		{95D58CB8-66BE-455D-BB93-229119D7F74C}.Debug|iPhoneSimulator.Build.0 = Debug|Any CPU
		{95D58CB8-66BE-455D-BB93-229119D7F74C}.Debug|iPhoneSimulator.Deploy.0 = Debug|Any CPU
		{95D58CB8-66BE-455D-BB93-229119D7F74C}.Release|Any CPU.ActiveCfg = Release|Any CPU
		{95D58CB8-66BE-455D-BB93-229119D7F74C}.Release|Any CPU.Build.0 = Release|Any CPU
		{95D58CB8-66BE-455D-BB93-229119D7F74C}.Release|Any CPU.Deploy.0 = Release|Any CPU
		{95D58CB8-66BE-455D-BB93-229119D7F74C}.Release|iPhone.ActiveCfg = Release|Any CPU
		{95D58CB8-66BE-455D-BB93-229119D7F74C}.Release|iPhone.Build.0 = Release|Any CPU
		{95D58CB8-66BE-455D-BB93-229119D7F74C}.Release|iPhone.Deploy.0 = Release|Any CPU
		{95D58CB8-66BE-455D-BB93-229119D7F74C}.Release|iPhoneSimulator.ActiveCfg = Release|Any CPU
		{95D58CB8-66BE-455D-BB93-229119D7F74C}.Release|iPhoneSimulator.Build.0 = Release|Any CPU
		{95D58CB8-66BE-455D-BB93-229119D7F74C}.Release|iPhoneSimulator.Deploy.0 = Release|Any CPU
	EndGlobalSection
	GlobalSection(SolutionProperties) = preSolution
		HideSolutionNode = FALSE
	EndGlobalSection
	GlobalSection(ExtensibilityGlobals) = postSolution
		SolutionGuid = {05CF44BF-8D1D-4DB6-8D96-947FC6002981}
	EndGlobalSection
EndGlobal
